<?xml version="1.0" encoding="utf-8"?>
<Project ToolsVersion="4.0" xmlns="http://schemas.microsoft.com/developer/msbuild/2003">
  <ItemGroup>
    <ClCompile Include="dllmain.cpp" />
    <ClCompile Include="pch.cpp" />
    <ClCompile Include="Utils.cpp" />
    <ClCompile Include="TerrainRenderProxy.cpp">
      <Filter>RenderOptimization\TerrainRendering</Filter>
    </ClCompile>
    <ClCompile Include="RenderCallGroup.cpp">
      <Filter>RenderOptimization\BaseRendering</Filter>
    </ClCompile>
    <ClCompile Include="UnitShadowRenderProxy.cpp">
      <Filter>RenderOptimization\ShadowRendering</Filter>
    </ClCompile>
    <ClCompile Include="UnitShadowRenderCallGroup.cpp">
      <Filter>RenderOptimization\ShadowRendering</Filter>
    </ClCompile>
    <ClCompile Include="ShadowRenderProxyInjector.cpp">
      <Filter>RenderOptimization\ShadowRendering</Filter>
    </ClCompile>
    <ClCompile Include="WaterRenderProxy.cpp">
      <Filter>RenderOptimization\WaterRendering</Filter>
    </ClCompile>
    <ClCompile Include="WaterRenderProxyInjector.cpp">
      <Filter>RenderOptimization\WaterRendering</Filter>
    </ClCompile>
    <ClCompile Include="OriginalMethods.cpp" />
    <ClCompile Include="MeshRenderCallGroup.cpp">
      <Filter>RenderOptimization\MeshRendering</Filter>
    </ClCompile>
    <ClCompile Include="MeshRenderProxy.cpp">
      <Filter>RenderOptimization\MeshRendering</Filter>
    </ClCompile>
    <ClCompile Include="MeshRenderProxyInjector.cpp">
      <Filter>RenderOptimization\MeshRendering</Filter>
    </ClCompile>
    <ClCompile Include="SquareRenderCallGroup.cpp">
      <Filter>RenderOptimization\BaseRendering</Filter>
    </ClCompile>
    <ClCompile Include="TriangleRenderCallGroup.cpp">
      <Filter>RenderOptimization\BaseRendering</Filter>
    </ClCompile>
    <ClCompile Include="GroundRenderCallGroup.cpp">
      <Filter>RenderOptimization\TerrainRendering\Ground</Filter>
    </ClCompile>
    <ClCompile Include="GreenOverlayRenderCallGroup.cpp">
      <Filter>RenderOptimization\TerrainRendering\GreenOverlay</Filter>
    </ClCompile>
    <ClCompile Include="NavMeshRenderCallGroup.cpp">
      <Filter>RenderOptimization\TerrainRendering\NavMesh</Filter>
    </ClCompile>
    <ClCompile Include="ResourceRenderCallGroup.cpp">
      <Filter>RenderOptimization\TerrainRendering\Resources</Filter>
    </ClCompile>
    <ClCompile Include="GroundRenderProxyInjector.cpp">
      <Filter>RenderOptimization\TerrainRendering\Ground</Filter>
    </ClCompile>
    <ClCompile Include="GreenOverlayRenderProxyInjector.cpp">
      <Filter>RenderOptimization\TerrainRendering\GreenOverlay</Filter>
    </ClCompile>
    <ClCompile Include="NavMeshRenderProxyInjector.cpp">
      <Filter>RenderOptimization\TerrainRendering\NavMesh</Filter>
    </ClCompile>
    <ClCompile Include="ResourceRenderProxyInjector.cpp">
      <Filter>RenderOptimization\TerrainRendering\Resources</Filter>
    </ClCompile>
    <ClCompile Include="TerrainRenderProxyInjector.cpp">
      <Filter>RenderOptimization\TerrainRendering</Filter>
    </ClCompile>
    <ClCompile Include="RenderManager.cpp">
      <Filter>RenderOptimization</Filter>
    </ClCompile>
    <ClCompile Include="RenderCrashFixer.cpp">
      <Filter>BugFixes\RenderOverflowCrash</Filter>
    </ClCompile>
    <ClCompile Include="Configuration.cpp">
      <Filter>Configuration</Filter>
    </ClCompile>
    <ClCompile Include="WidescreenFixes.cpp">
      <Filter>BugFixes\ResolutionFixes</Filter>
    </ClCompile>
    <ClCompile Include="TitlebarFixes.cpp">
      <Filter>BugFixes\TitlebarFixes</Filter>
    </ClCompile>
    <ClCompile Include="WaterRenderCallGroup.cpp">
      <Filter>RenderOptimization\WaterRendering\Surface</Filter>
    </ClCompile>
    <ClCompile Include="WaterGreenOverlayRenderCallGroup.cpp">
      <Filter>RenderOptimization\WaterRendering\GreenOverlay</Filter>
    </ClCompile>
  </ItemGroup>
  <ItemGroup>
    <ClInclude Include="framework.h" />
    <ClInclude Include="pch.h" />
    <ClInclude Include="Utils.h" />
    <ClInclude Include="TerrainRenderProxy.h">
      <Filter>RenderOptimization\TerrainRendering</Filter>
    </ClInclude>
    <ClInclude Include="RenderCallGroup.h">
      <Filter>RenderOptimization\BaseRendering</Filter>
    </ClInclude>
    <ClInclude Include="UnitShadowRenderCallGroup.h">
      <Filter>RenderOptimization\ShadowRendering</Filter>
    </ClInclude>
    <ClInclude Include="UnitShadowRenderProxy.h">
      <Filter>RenderOptimization\ShadowRendering</Filter>
    </ClInclude>
    <ClInclude Include="ShadowRenderProxyInjector.h">
      <Filter>RenderOptimization\ShadowRendering</Filter>
    </ClInclude>
    <ClInclude Include="WaterRenderProxy.h">
      <Filter>RenderOptimization\WaterRendering</Filter>
    </ClInclude>
    <ClInclude Include="WaterRenderProxyInjector.h">
      <Filter>RenderOptimization\WaterRendering</Filter>
    </ClInclude>
    <ClInclude Include="OriginalMethods.h" />
    <ClInclude Include="MeshRenderCallGroup.h">
      <Filter>RenderOptimization\MeshRendering</Filter>
    </ClInclude>
    <ClInclude Include="MeshRenderProxy.h">
      <Filter>RenderOptimization\MeshRendering</Filter>
    </ClInclude>
    <ClInclude Include="MeshRenderProxyInjector.h">
      <Filter>RenderOptimization\MeshRendering</Filter>
    </ClInclude>
    <ClInclude Include="GroundRenderCallGroup.h">
      <Filter>RenderOptimization\TerrainRendering\Ground</Filter>
    </ClInclude>
    <ClInclude Include="GreenOverlayRenderCallGroup.h">
      <Filter>RenderOptimization\TerrainRendering\GreenOverlay</Filter>
    </ClInclude>
    <ClInclude Include="NavMeshRenderCallGroup.h">
      <Filter>RenderOptimization\TerrainRendering\NavMesh</Filter>
    </ClInclude>
    <ClInclude Include="ResourceRenderCallGroup.h">
      <Filter>RenderOptimization\TerrainRendering\Resources</Filter>
    </ClInclude>
    <ClInclude Include="TerrainRenderProxyInjector.h">
      <Filter>RenderOptimization\TerrainRendering</Filter>
    </ClInclude>
    <ClInclude Include="RenderManager.h">
      <Filter>RenderOptimization</Filter>
    </ClInclude>
    <ClInclude Include="RenderCrashFixer.h">
      <Filter>BugFixes\RenderOverflowCrash</Filter>
    </ClInclude>
    <ClInclude Include="Configuration.h">
      <Filter>Configuration</Filter>
    </ClInclude>
    <ClInclude Include="WidescreenFixes.h">
      <Filter>BugFixes\ResolutionFixes</Filter>
    </ClInclude>
    <ClInclude Include="TitlebarFixes.h">
      <Filter>BugFixes\TitlebarFixes</Filter>
    </ClInclude>
    <ClInclude Include="WaterRenderCallGroup.h">
      <Filter>RenderOptimization\WaterRendering\Surface</Filter>
    </ClInclude>
    <ClInclude Include="WaterGreenOverlayRenderCallGroup.h">
      <Filter>RenderOptimization\WaterRendering\GreenOverlay</Filter>
    </ClInclude>
  </ItemGroup>
  <ItemGroup>
    <Filter Include="RenderOptimization">
      <UniqueIdentifier>{4ef851d9-a5d0-459c-89b3-b75293c1b04a}</UniqueIdentifier>
    </Filter>
    <Filter Include="RenderOptimization\BaseRendering">
      <UniqueIdentifier>{7947f0a5-6abc-4819-9d1a-d2a2c1a9d4e3}</UniqueIdentifier>
    </Filter>
    <Filter Include="RenderOptimization\MeshRendering">
      <UniqueIdentifier>{57e8752b-ffa1-4aa1-8489-2420d2f379c4}</UniqueIdentifier>
    </Filter>
    <Filter Include="RenderOptimization\ShadowRendering">
      <UniqueIdentifier>{83a72f0f-4f72-400c-92cf-a22ccfd75938}</UniqueIdentifier>
    </Filter>
    <Filter Include="RenderOptimization\TerrainRendering">
      <UniqueIdentifier>{24ca177a-b85c-4727-838f-41579013e51b}</UniqueIdentifier>
    </Filter>
    <Filter Include="RenderOptimization\TerrainRendering\Ground">
      <UniqueIdentifier>{2cd35b94-cdc0-4d27-9a66-bbc6f3fbacf4}</UniqueIdentifier>
    </Filter>
    <Filter Include="RenderOptimization\TerrainRendering\GreenOverlay">
      <UniqueIdentifier>{760129c5-03c8-4efc-bcd6-0c43a9017877}</UniqueIdentifier>
    </Filter>
    <Filter Include="RenderOptimization\TerrainRendering\NavMesh">
      <UniqueIdentifier>{1a7133a7-52fc-4fb8-9101-134a7f75b994}</UniqueIdentifier>
    </Filter>
    <Filter Include="RenderOptimization\TerrainRendering\Resources">
      <UniqueIdentifier>{2db89ab8-4f56-4f51-a156-c1623396d79e}</UniqueIdentifier>
    </Filter>
    <Filter Include="RenderOptimization\WaterRendering">
      <UniqueIdentifier>{a70e2b31-eaf8-4c1b-b8a0-ee1817290244}</UniqueIdentifier>
    </Filter>
    <Filter Include="BugFixes">
      <UniqueIdentifier>{72fab38e-5eb3-4778-a3dd-216899012f5b}</UniqueIdentifier>
    </Filter>
    <Filter Include="BugFixes\RenderOverflowCrash">
      <UniqueIdentifier>{c09b95e4-2aee-4d87-b3f0-004befe9da26}</UniqueIdentifier>
    </Filter>
    <Filter Include="Configuration">
      <UniqueIdentifier>{736f35bf-8c87-4f64-8e0a-e7de15d9ba7d}</UniqueIdentifier>
    </Filter>
    <Filter Include="BugFixes\ResolutionFixes">
      <UniqueIdentifier>{30ebd1f3-bd1b-4b57-be59-551994e7747b}</UniqueIdentifier>
    </Filter>
    <Filter Include="BugFixes\TitlebarFixes">
      <UniqueIdentifier>{756b8981-50f0-497e-8008-61391a6ce9ef}</UniqueIdentifier>
    </Filter>
    <Filter Include="RenderOptimization\WaterRendering\GreenOverlay">
      <UniqueIdentifier>{14580e2e-c676-43d0-ab82-df7da84a714b}</UniqueIdentifier>
    </Filter>
    <Filter Include="RenderOptimization\WaterRendering\Surface">
      <UniqueIdentifier>{e090418d-84c5-4f49-93b6-58123e394f99}</UniqueIdentifier>
    </Filter>
  </ItemGroup>
  <ItemGroup>
    <None Include="EarthTmpExtensions.ini" />
  </ItemGroup>
</Project>